
Microsoft Visual Studio Solution File, Format Version 12.00
# Visual Studio 14
VisualStudioVersion = 14.0.24720.0
MinimumVisualStudioVersion = 10.0.40219.1
Project("{FAE04EC0-301F-11D3-BF4B-00C04F79EFBC}") = "Gremlins.DataAccess", "Source\Gremlins.DataAccess\Gremlins.DataAccess.csproj", "{1381EA43-5BA7-4AB0-8763-0C7AFD09BEE2}"
EndProject
Project("{2150E333-8FDC-42A3-9474-1A3956D46DE8}") = "Sources", "Sources", "{71C4CC5B-BC3D-46C5-8E67-70F97137DD84}"
EndProject
Project("{2150E333-8FDC-42A3-9474-1A3956D46DE8}") = "Samples", "Samples", "{A33F9350-CEDC-4BAF-94D9-AA705629BE8D}"
EndProject
Project("{FAE04EC0-301F-11D3-BF4B-00C04F79EFBC}") = "Gremlins.DataAccess.Samples", "Samples\Gremlins.DataAccess.Samples\Gremlins.DataAccess.Samples.csproj", "{C576708B-CDCE-4D02-BBDF-19A8D70EE333}"
EndProject
Project("{2150E333-8FDC-42A3-9474-1A3956D46DE8}") = "Scripts", "Scripts", "{DE999375-6451-4DC6-A2C7-466505CF6E98}"
	ProjectSection(SolutionItems) = preProject
		Scripts\Northwnd.Ext.sql = Scripts\Northwnd.Ext.sql
	EndProjectSection
EndProject
Global
	GlobalSection(SolutionConfigurationPlatforms) = preSolution
		Debug|Any CPU = Debug|Any CPU
		Release|Any CPU = Release|Any CPU
	EndGlobalSection
	GlobalSection(ProjectConfigurationPlatforms) = postSolution
		{1381EA43-5BA7-4AB0-8763-0C7AFD09BEE2}.Debug|Any CPU.ActiveCfg = Debug|Any CPU
		{1381EA43-5BA7-4AB0-8763-0C7AFD09BEE2}.Debug|Any CPU.Build.0 = Debug|Any CPU
		{1381EA43-5BA7-4AB0-8763-0C7AFD09BEE2}.Release|Any CPU.ActiveCfg = Release|Any CPU
		{1381EA43-5BA7-4AB0-8763-0C7AFD09BEE2}.Release|Any CPU.Build.0 = Release|Any CPU
		{C576708B-CDCE-4D02-BBDF-19A8D70EE333}.Debug|Any CPU.ActiveCfg = Debug|Any CPU
		{C576708B-CDCE-4D02-BBDF-19A8D70EE333}.Debug|Any CPU.Build.0 = Debug|Any CPU
		{C576708B-CDCE-4D02-BBDF-19A8D70EE333}.Release|Any CPU.ActiveCfg = Release|Any CPU
		{C576708B-CDCE-4D02-BBDF-19A8D70EE333}.Release|Any CPU.Build.0 = Release|Any CPU
	EndGlobalSection
	GlobalSection(SolutionProperties) = preSolution
		HideSolutionNode = FALSE
	EndGlobalSection
	GlobalSection(NestedProjects) = preSolution
		{1381EA43-5BA7-4AB0-8763-0C7AFD09BEE2} = {71C4CC5B-BC3D-46C5-8E67-70F97137DD84}
		{C576708B-CDCE-4D02-BBDF-19A8D70EE333} = {A33F9350-CEDC-4BAF-94D9-AA705629BE8D}
	EndGlobalSection
EndGlobal
